
Microsoft Visual Studio Solution File, Format Version 12.00
# Visual Studio Version 16
VisualStudioVersion = 16.0.30002.166
MinimumVisualStudioVersion = 10.0.40219.1
Project("{FAE04EC0-301F-11D3-BF4B-00C04F79EFBC}") = "TaskMaster", "TaskMaster.csproj", "{2A442B5D-A4E7-46D4-AF44-75A43A06A506}"
EndProject
Global
	GlobalSection(SolutionConfigurationPlatforms) = preSolution
		Debug|Any CPU = Debug|Any CPU
		Release|Any CPU = Release|Any CPU
	EndGlobalSection
	GlobalSection(ProjectConfigurationPlatforms) = postSolution
		{2A442B5D-A4E7-46D4-AF44-75A43A06A506}.Debug|Any CPU.ActiveCfg = Debug|Any CPU
		{2A442B5D-A4E7-46D4-AF44-75A43A06A506}.Debug|Any CPU.Build.0 = Debug|Any CPU
		{2A442B5D-A4E7-46D4-AF44-75A43A06A506}.Release|Any CPU.ActiveCfg = Release|Any CPU
		{2A442B5D-A4E7-46D4-AF44-75A43A06A506}.Release|Any CPU.Build.0 = Release|Any CPU
	EndGlobalSection
	GlobalSection(SolutionProperties) = preSolution
		HideSolutionNode = FALSE
	EndGlobalSection
	GlobalSection(ExtensibilityGlobals) = postSolution
		SolutionGuid = {D424ED30-254C-416F-8828-3C61999F37D0}
	EndGlobalSection
EndGlobal
